
Microsoft Visual Studio Solution File, Format Version 12.00
# Visual Studio Version 17
VisualStudioVersion = 17.4.32804.182
MinimumVisualStudioVersion = 10.0.40219.1
Project("{9A19103F-16F7-4668-BE54-9A1E7A4F7556}") = "EmployeeManagement", "EmployeeManagement\EmployeeManagement.csproj", "{F4F07DA9-F7FB-4912-961E-4EC9C4C5D1D4}"
EndProject
Project("{9A19103F-16F7-4668-BE54-9A1E7A4F7556}") = "Domain", "Domain\Domain.csproj", "{B39A7A68-D74C-4124-A24F-AB49803A7B10}"
EndProject
Project("{9A19103F-16F7-4668-BE54-9A1E7A4F7556}") = "ApplicationServices", "ApplicationServices\ApplicationServices.csproj", "{29F8CDB1-CFC7-40FC-A5F6-FA45EC63A566}"
EndProject
Project("{9A19103F-16F7-4668-BE54-9A1E7A4F7556}") = "DataAccess", "DataAccess\DataAccess.csproj", "{463E42F2-EA27-414D-8C47-FF71AC621443}"
EndProject
Global
	GlobalSection(SolutionConfigurationPlatforms) = preSolution
		Debug|Any CPU = Debug|Any CPU
		Release|Any CPU = Release|Any CPU
	EndGlobalSection
	GlobalSection(ProjectConfigurationPlatforms) = postSolution
		{F4F07DA9-F7FB-4912-961E-4EC9C4C5D1D4}.Debug|Any CPU.ActiveCfg = Debug|Any CPU
		{F4F07DA9-F7FB-4912-961E-4EC9C4C5D1D4}.Debug|Any CPU.Build.0 = Debug|Any CPU
		{F4F07DA9-F7FB-4912-961E-4EC9C4C5D1D4}.Release|Any CPU.ActiveCfg = Release|Any CPU
		{F4F07DA9-F7FB-4912-961E-4EC9C4C5D1D4}.Release|Any CPU.Build.0 = Release|Any CPU
		{B39A7A68-D74C-4124-A24F-AB49803A7B10}.Debug|Any CPU.ActiveCfg = Debug|Any CPU
		{B39A7A68-D74C-4124-A24F-AB49803A7B10}.Debug|Any CPU.Build.0 = Debug|Any CPU
		{B39A7A68-D74C-4124-A24F-AB49803A7B10}.Release|Any CPU.ActiveCfg = Release|Any CPU
		{B39A7A68-D74C-4124-A24F-AB49803A7B10}.Release|Any CPU.Build.0 = Release|Any CPU
		{29F8CDB1-CFC7-40FC-A5F6-FA45EC63A566}.Debug|Any CPU.ActiveCfg = Debug|Any CPU
		{29F8CDB1-CFC7-40FC-A5F6-FA45EC63A566}.Debug|Any CPU.Build.0 = Debug|Any CPU
		{29F8CDB1-CFC7-40FC-A5F6-FA45EC63A566}.Release|Any CPU.ActiveCfg = Release|Any CPU
		{29F8CDB1-CFC7-40FC-A5F6-FA45EC63A566}.Release|Any CPU.Build.0 = Release|Any CPU
		{463E42F2-EA27-414D-8C47-FF71AC621443}.Debug|Any CPU.ActiveCfg = Debug|Any CPU
		{463E42F2-EA27-414D-8C47-FF71AC621443}.Debug|Any CPU.Build.0 = Debug|Any CPU
		{463E42F2-EA27-414D-8C47-FF71AC621443}.Release|Any CPU.ActiveCfg = Release|Any CPU
		{463E42F2-EA27-414D-8C47-FF71AC621443}.Release|Any CPU.Build.0 = Release|Any CPU
	EndGlobalSection
	GlobalSection(SolutionProperties) = preSolution
		HideSolutionNode = FALSE
	EndGlobalSection
	GlobalSection(ExtensibilityGlobals) = postSolution
		SolutionGuid = {A9FBA275-8B53-4EDB-AB3C-8009327645CF}
	EndGlobalSection
EndGlobal
